
Microsoft Visual Studio Solution File, Format Version 12.00
# Visual Studio 14
VisualStudioVersion = 14.0.25420.1
MinimumVisualStudioVersion = 10.0.40219.1
Project("{8BB2217D-0F2D-49D1-97BC-3654ED321F3B}") = "XCommon", "src\XCommon\XCommon.xproj", "{12B242C9-9639-43CD-BABB-AA409DEB7EE7}"
EndProject
Project("{8BB2217D-0F2D-49D1-97BC-3654ED321F3B}") = "XCommon.EF", "src\XCommon.EF\XCommon.EF.xproj", "{DF76E674-2D74-47F7-B1DC-5CC61E45329F}"
EndProject
Project("{8BB2217D-0F2D-49D1-97BC-3654ED321F3B}") = "XCommon.Azure", "src\XCommon.Azure\XCommon.Azure.xproj", "{04EE0841-35E8-4AD0-BA3D-850DBB529651}"
EndProject
Project("{8BB2217D-0F2D-49D1-97BC-3654ED321F3B}") = "XCommon.Web", "src\XCommon.Web\XCommon.Web.xproj", "{2D656EAE-FBF6-40A1-B1BF-075738666D87}"
EndProject
Project("{8BB2217D-0F2D-49D1-97BC-3654ED321F3B}") = "XCommon.Test", "test\XCommon.Test\XCommon.Test.xproj", "{FF366599-49E0-4F79-907D-870BDE83949A}"
EndProject
Project("{2150E333-8FDC-42A3-9474-1A3956D46DE8}") = "test", "test", "{A70DD4AB-0D96-4E18-9876-A2E944BF8CE6}"
EndProject
Project("{8BB2217D-0F2D-49D1-97BC-3654ED321F3B}") = "XCommon.CodeGenerator", "src\XCommon.CodeGenerator\XCommon.CodeGenerator.xproj", "{B147DC51-D0B2-450D-920C-37172A81AE99}"
EndProject
Project("{FAE04EC0-301F-11D3-BF4B-00C04F79EFBC}") = "XCommon.ProjectGenerator", "src\XCommon.ProjectGenerator\XCommon.ProjectGenerator.csproj", "{0AF741AE-928C-496B-AD13-06A39FB85DDB}"
EndProject
Project("{2150E333-8FDC-42A3-9474-1A3956D46DE8}") = "src", "src", "{8FC0CFDD-AD77-4D45-A668-A49281CEA46C}"
EndProject
Project("{2150E333-8FDC-42A3-9474-1A3956D46DE8}") = "Solution Items", "Solution Items", "{F0BFCFC9-3876-4551-AAE0-0088FC765AE1}"
	ProjectSection(SolutionItems) = preProject
		.gitignore = .gitignore
		appveyor.yml = appveyor.yml
		build.ps1 = build.ps1
		globlal.json = globlal.json
		test.ps1 = test.ps1
	EndProjectSection
EndProject
Project("{8BB2217D-0F2D-49D1-97BC-3654ED321F3B}") = "XCommon.Test.Azure", "test\XCommon.Test.Azure\XCommon.Test.Azure.xproj", "{84119539-152A-47AA-9096-3E0C93B43B3D}"
EndProject
Project("{8BB2217D-0F2D-49D1-97BC-3654ED321F3B}") = "XCommon.Test.CodeGenerator", "test\XCommon.Test.CodeGenerator\XCommon.Test.CodeGenerator.xproj", "{9034FA86-DB82-4627-BA49-6453BC10CFBF}"
EndProject
Project("{8BB2217D-0F2D-49D1-97BC-3654ED321F3B}") = "XCommon.Test.EF", "test\XCommon.Test.EF\XCommon.Test.EF.xproj", "{3924E031-84EC-4CB7-9D56-D3C0963ACF03}"
EndProject
Project("{8BB2217D-0F2D-49D1-97BC-3654ED321F3B}") = "XCommon.Test.Web", "test\XCommon.Test.Web\XCommon.Test.Web.xproj", "{4C8F47C0-03D8-47BA-B634-D83551752EE0}"
EndProject
Global
	GlobalSection(SolutionConfigurationPlatforms) = preSolution
		Debug|Any CPU = Debug|Any CPU
		Release|Any CPU = Release|Any CPU
	EndGlobalSection
	GlobalSection(ProjectConfigurationPlatforms) = postSolution
		{12B242C9-9639-43CD-BABB-AA409DEB7EE7}.Debug|Any CPU.ActiveCfg = Debug|Any CPU
		{12B242C9-9639-43CD-BABB-AA409DEB7EE7}.Debug|Any CPU.Build.0 = Debug|Any CPU
		{12B242C9-9639-43CD-BABB-AA409DEB7EE7}.Release|Any CPU.ActiveCfg = Release|Any CPU
		{12B242C9-9639-43CD-BABB-AA409DEB7EE7}.Release|Any CPU.Build.0 = Release|Any CPU
		{DF76E674-2D74-47F7-B1DC-5CC61E45329F}.Debug|Any CPU.ActiveCfg = Debug|Any CPU
		{DF76E674-2D74-47F7-B1DC-5CC61E45329F}.Debug|Any CPU.Build.0 = Debug|Any CPU
		{DF76E674-2D74-47F7-B1DC-5CC61E45329F}.Release|Any CPU.ActiveCfg = Release|Any CPU
		{DF76E674-2D74-47F7-B1DC-5CC61E45329F}.Release|Any CPU.Build.0 = Release|Any CPU
		{04EE0841-35E8-4AD0-BA3D-850DBB529651}.Debug|Any CPU.ActiveCfg = Debug|Any CPU
		{04EE0841-35E8-4AD0-BA3D-850DBB529651}.Debug|Any CPU.Build.0 = Debug|Any CPU
		{04EE0841-35E8-4AD0-BA3D-850DBB529651}.Release|Any CPU.ActiveCfg = Release|Any CPU
		{04EE0841-35E8-4AD0-BA3D-850DBB529651}.Release|Any CPU.Build.0 = Release|Any CPU
		{2D656EAE-FBF6-40A1-B1BF-075738666D87}.Debug|Any CPU.ActiveCfg = Debug|Any CPU
		{2D656EAE-FBF6-40A1-B1BF-075738666D87}.Debug|Any CPU.Build.0 = Debug|Any CPU
		{2D656EAE-FBF6-40A1-B1BF-075738666D87}.Release|Any CPU.ActiveCfg = Release|Any CPU
		{2D656EAE-FBF6-40A1-B1BF-075738666D87}.Release|Any CPU.Build.0 = Release|Any CPU
		{FF366599-49E0-4F79-907D-870BDE83949A}.Debug|Any CPU.ActiveCfg = Debug|Any CPU
		{FF366599-49E0-4F79-907D-870BDE83949A}.Debug|Any CPU.Build.0 = Debug|Any CPU
		{FF366599-49E0-4F79-907D-870BDE83949A}.Release|Any CPU.ActiveCfg = Release|Any CPU
		{FF366599-49E0-4F79-907D-870BDE83949A}.Release|Any CPU.Build.0 = Release|Any CPU
		{B147DC51-D0B2-450D-920C-37172A81AE99}.Debug|Any CPU.ActiveCfg = Debug|Any CPU
		{B147DC51-D0B2-450D-920C-37172A81AE99}.Debug|Any CPU.Build.0 = Debug|Any CPU
		{B147DC51-D0B2-450D-920C-37172A81AE99}.Release|Any CPU.ActiveCfg = Release|Any CPU
		{B147DC51-D0B2-450D-920C-37172A81AE99}.Release|Any CPU.Build.0 = Release|Any CPU
		{0AF741AE-928C-496B-AD13-06A39FB85DDB}.Debug|Any CPU.ActiveCfg = Debug|Any CPU
		{0AF741AE-928C-496B-AD13-06A39FB85DDB}.Debug|Any CPU.Build.0 = Debug|Any CPU
		{0AF741AE-928C-496B-AD13-06A39FB85DDB}.Release|Any CPU.ActiveCfg = Release|Any CPU
		{0AF741AE-928C-496B-AD13-06A39FB85DDB}.Release|Any CPU.Build.0 = Release|Any CPU
		{84119539-152A-47AA-9096-3E0C93B43B3D}.Debug|Any CPU.ActiveCfg = Debug|Any CPU
		{84119539-152A-47AA-9096-3E0C93B43B3D}.Debug|Any CPU.Build.0 = Debug|Any CPU
		{84119539-152A-47AA-9096-3E0C93B43B3D}.Release|Any CPU.ActiveCfg = Release|Any CPU
		{84119539-152A-47AA-9096-3E0C93B43B3D}.Release|Any CPU.Build.0 = Release|Any CPU
		{9034FA86-DB82-4627-BA49-6453BC10CFBF}.Debug|Any CPU.ActiveCfg = Debug|Any CPU
		{9034FA86-DB82-4627-BA49-6453BC10CFBF}.Debug|Any CPU.Build.0 = Debug|Any CPU
		{9034FA86-DB82-4627-BA49-6453BC10CFBF}.Release|Any CPU.ActiveCfg = Release|Any CPU
		{9034FA86-DB82-4627-BA49-6453BC10CFBF}.Release|Any CPU.Build.0 = Release|Any CPU
		{3924E031-84EC-4CB7-9D56-D3C0963ACF03}.Debug|Any CPU.ActiveCfg = Debug|Any CPU
		{3924E031-84EC-4CB7-9D56-D3C0963ACF03}.Debug|Any CPU.Build.0 = Debug|Any CPU
		{3924E031-84EC-4CB7-9D56-D3C0963ACF03}.Release|Any CPU.ActiveCfg = Release|Any CPU
		{3924E031-84EC-4CB7-9D56-D3C0963ACF03}.Release|Any CPU.Build.0 = Release|Any CPU
		{4C8F47C0-03D8-47BA-B634-D83551752EE0}.Debug|Any CPU.ActiveCfg = Debug|Any CPU
		{4C8F47C0-03D8-47BA-B634-D83551752EE0}.Debug|Any CPU.Build.0 = Debug|Any CPU
		{4C8F47C0-03D8-47BA-B634-D83551752EE0}.Release|Any CPU.ActiveCfg = Release|Any CPU
		{4C8F47C0-03D8-47BA-B634-D83551752EE0}.Release|Any CPU.Build.0 = Release|Any CPU
	EndGlobalSection
	GlobalSection(SolutionProperties) = preSolution
		HideSolutionNode = FALSE
	EndGlobalSection
	GlobalSection(NestedProjects) = preSolution
		{12B242C9-9639-43CD-BABB-AA409DEB7EE7} = {8FC0CFDD-AD77-4D45-A668-A49281CEA46C}
		{DF76E674-2D74-47F7-B1DC-5CC61E45329F} = {8FC0CFDD-AD77-4D45-A668-A49281CEA46C}
		{04EE0841-35E8-4AD0-BA3D-850DBB529651} = {8FC0CFDD-AD77-4D45-A668-A49281CEA46C}
		{2D656EAE-FBF6-40A1-B1BF-075738666D87} = {8FC0CFDD-AD77-4D45-A668-A49281CEA46C}
		{FF366599-49E0-4F79-907D-870BDE83949A} = {A70DD4AB-0D96-4E18-9876-A2E944BF8CE6}
		{B147DC51-D0B2-450D-920C-37172A81AE99} = {8FC0CFDD-AD77-4D45-A668-A49281CEA46C}
		{0AF741AE-928C-496B-AD13-06A39FB85DDB} = {8FC0CFDD-AD77-4D45-A668-A49281CEA46C}
		{84119539-152A-47AA-9096-3E0C93B43B3D} = {A70DD4AB-0D96-4E18-9876-A2E944BF8CE6}
		{9034FA86-DB82-4627-BA49-6453BC10CFBF} = {A70DD4AB-0D96-4E18-9876-A2E944BF8CE6}
		{3924E031-84EC-4CB7-9D56-D3C0963ACF03} = {A70DD4AB-0D96-4E18-9876-A2E944BF8CE6}
		{4C8F47C0-03D8-47BA-B634-D83551752EE0} = {A70DD4AB-0D96-4E18-9876-A2E944BF8CE6}
	EndGlobalSection
EndGlobal
