
Microsoft Visual Studio Solution File, Format Version 12.00
# Visual Studio 15
VisualStudioVersion = 15.0.26730.12
MinimumVisualStudioVersion = 10.0.40219.1
Project("{9A19103F-16F7-4668-BE54-9A1E7A4F7556}") = "XCommon", "src\XCommon\XCommon.csproj", "{6CFD3511-4ECE-4FDE-9DB2-893F4CAFF453}"
EndProject
Project("{9A19103F-16F7-4668-BE54-9A1E7A4F7556}") = "XCommon.EF", "src\XCommon.EF\XCommon.EF.csproj", "{6D2BBF04-D042-4320-A6A9-598B9575746A}"
EndProject
Project("{9A19103F-16F7-4668-BE54-9A1E7A4F7556}") = "XCommon.Web", "src\XCommon.Web\XCommon.Web.csproj", "{B62A4B7C-3914-4C6C-ADF7-DFF34AB58D23}"
EndProject
Project("{9A19103F-16F7-4668-BE54-9A1E7A4F7556}") = "XCommon.Azure", "src\XCommon.Azure\XCommon.Azure.csproj", "{B2C2D3D2-0D18-4B92-BD39-D4B9F3F0EB2D}"
EndProject
Project("{9A19103F-16F7-4668-BE54-9A1E7A4F7556}") = "XCommon.CodeGenerator", "src\XCommon.CodeGenerator\XCommon.CodeGenerator.csproj", "{034DE6E3-2689-4A5C-912E-637D8D467DB5}"
EndProject
Project("{2150E333-8FDC-42A3-9474-1A3956D46DE8}") = "src", "src", "{08B0F53F-B112-46C1-846F-6AF87C1584C7}"
EndProject
Project("{9A19103F-16F7-4668-BE54-9A1E7A4F7556}") = "XCommon.Test", "test\XCommon.Test\XCommon.Test.csproj", "{F0465DAB-BA2F-4AF3-A4D3-026BD9A43002}"
EndProject
Project("{9A19103F-16F7-4668-BE54-9A1E7A4F7556}") = "XCommon.Test.Azure", "test\XCommon.Test.Azure\XCommon.Test.Azure.csproj", "{FAB60F46-7F45-49BE-B9DA-B65AC20A5AD8}"
EndProject
Project("{9A19103F-16F7-4668-BE54-9A1E7A4F7556}") = "XCommon.Test.CodeGenerator", "test\XCommon.Test.CodeGenerator\XCommon.Test.CodeGenerator.csproj", "{4263C32F-7F69-4E28-A85D-7BA0EA9B2F2A}"
EndProject
Project("{9A19103F-16F7-4668-BE54-9A1E7A4F7556}") = "XCommon.Test.EF", "test\XCommon.Test.EF\XCommon.Test.EF.csproj", "{7C8441D0-7E73-493F-91F8-BF9AD804C667}"
EndProject
Project("{9A19103F-16F7-4668-BE54-9A1E7A4F7556}") = "XCommon.Test.Web", "test\XCommon.Test.Web\XCommon.Test.Web.csproj", "{F088277B-FC3C-4F0C-93EC-57D32F7BEFC7}"
EndProject
Project("{2150E333-8FDC-42A3-9474-1A3956D46DE8}") = "test", "test", "{30D1C660-49D5-481B-8DB9-E718C4A664A3}"
EndProject
Project("{2150E333-8FDC-42A3-9474-1A3956D46DE8}") = ".extra", ".extra", "{2901F7A4-C121-4796-9292-2FD11F54226C}"
	ProjectSection(SolutionItems) = preProject
		.editorconfig = .editorconfig
		.gitattributes = .gitattributes
		.gitignore = .gitignore
		appveyor.yml = appveyor.yml
		Build.ps1 = Build.ps1
		test.ps1 = test.ps1
	EndProjectSection
EndProject
Project("{9A19103F-16F7-4668-BE54-9A1E7A4F7556}") = "XCommon.Test.Web.Site", "test\XCommon.Test.Web.Site\XCommon.Test.Web.Site.csproj", "{4AFF7518-2A1D-4279-8E30-FDA31EF6692D}"
EndProject
Project("{9A19103F-16F7-4668-BE54-9A1E7A4F7556}") = "XCommon.Test.CodeGeneratorV2", "XCommon.Test.CodeGeneratorV2\XCommon.Test.CodeGeneratorV2.csproj", "{B60A8D05-25CF-43FE-AD0D-BAD93512C531}"
EndProject
Global
	GlobalSection(SolutionConfigurationPlatforms) = preSolution
		Debug|Any CPU = Debug|Any CPU
		Release|Any CPU = Release|Any CPU
	EndGlobalSection
	GlobalSection(ProjectConfigurationPlatforms) = postSolution
		{6CFD3511-4ECE-4FDE-9DB2-893F4CAFF453}.Debug|Any CPU.ActiveCfg = Debug|Any CPU
		{6CFD3511-4ECE-4FDE-9DB2-893F4CAFF453}.Debug|Any CPU.Build.0 = Debug|Any CPU
		{6CFD3511-4ECE-4FDE-9DB2-893F4CAFF453}.Release|Any CPU.ActiveCfg = Release|Any CPU
		{6CFD3511-4ECE-4FDE-9DB2-893F4CAFF453}.Release|Any CPU.Build.0 = Release|Any CPU
		{6D2BBF04-D042-4320-A6A9-598B9575746A}.Debug|Any CPU.ActiveCfg = Debug|Any CPU
		{6D2BBF04-D042-4320-A6A9-598B9575746A}.Debug|Any CPU.Build.0 = Debug|Any CPU
		{6D2BBF04-D042-4320-A6A9-598B9575746A}.Release|Any CPU.ActiveCfg = Release|Any CPU
		{6D2BBF04-D042-4320-A6A9-598B9575746A}.Release|Any CPU.Build.0 = Release|Any CPU
		{B62A4B7C-3914-4C6C-ADF7-DFF34AB58D23}.Debug|Any CPU.ActiveCfg = Debug|Any CPU
		{B62A4B7C-3914-4C6C-ADF7-DFF34AB58D23}.Debug|Any CPU.Build.0 = Debug|Any CPU
		{B62A4B7C-3914-4C6C-ADF7-DFF34AB58D23}.Release|Any CPU.ActiveCfg = Release|Any CPU
		{B62A4B7C-3914-4C6C-ADF7-DFF34AB58D23}.Release|Any CPU.Build.0 = Release|Any CPU
		{B2C2D3D2-0D18-4B92-BD39-D4B9F3F0EB2D}.Debug|Any CPU.ActiveCfg = Debug|Any CPU
		{B2C2D3D2-0D18-4B92-BD39-D4B9F3F0EB2D}.Debug|Any CPU.Build.0 = Debug|Any CPU
		{B2C2D3D2-0D18-4B92-BD39-D4B9F3F0EB2D}.Release|Any CPU.ActiveCfg = Release|Any CPU
		{B2C2D3D2-0D18-4B92-BD39-D4B9F3F0EB2D}.Release|Any CPU.Build.0 = Release|Any CPU
		{034DE6E3-2689-4A5C-912E-637D8D467DB5}.Debug|Any CPU.ActiveCfg = Debug|Any CPU
		{034DE6E3-2689-4A5C-912E-637D8D467DB5}.Debug|Any CPU.Build.0 = Debug|Any CPU
		{034DE6E3-2689-4A5C-912E-637D8D467DB5}.Release|Any CPU.ActiveCfg = Release|Any CPU
		{034DE6E3-2689-4A5C-912E-637D8D467DB5}.Release|Any CPU.Build.0 = Release|Any CPU
		{F0465DAB-BA2F-4AF3-A4D3-026BD9A43002}.Debug|Any CPU.ActiveCfg = Debug|Any CPU
		{F0465DAB-BA2F-4AF3-A4D3-026BD9A43002}.Debug|Any CPU.Build.0 = Debug|Any CPU
		{F0465DAB-BA2F-4AF3-A4D3-026BD9A43002}.Release|Any CPU.ActiveCfg = Release|Any CPU
		{F0465DAB-BA2F-4AF3-A4D3-026BD9A43002}.Release|Any CPU.Build.0 = Release|Any CPU
		{FAB60F46-7F45-49BE-B9DA-B65AC20A5AD8}.Debug|Any CPU.ActiveCfg = Debug|Any CPU
		{FAB60F46-7F45-49BE-B9DA-B65AC20A5AD8}.Debug|Any CPU.Build.0 = Debug|Any CPU
		{FAB60F46-7F45-49BE-B9DA-B65AC20A5AD8}.Release|Any CPU.ActiveCfg = Release|Any CPU
		{FAB60F46-7F45-49BE-B9DA-B65AC20A5AD8}.Release|Any CPU.Build.0 = Release|Any CPU
		{4263C32F-7F69-4E28-A85D-7BA0EA9B2F2A}.Debug|Any CPU.ActiveCfg = Debug|Any CPU
		{4263C32F-7F69-4E28-A85D-7BA0EA9B2F2A}.Debug|Any CPU.Build.0 = Debug|Any CPU
		{4263C32F-7F69-4E28-A85D-7BA0EA9B2F2A}.Release|Any CPU.ActiveCfg = Release|Any CPU
		{4263C32F-7F69-4E28-A85D-7BA0EA9B2F2A}.Release|Any CPU.Build.0 = Release|Any CPU
		{7C8441D0-7E73-493F-91F8-BF9AD804C667}.Debug|Any CPU.ActiveCfg = Debug|Any CPU
		{7C8441D0-7E73-493F-91F8-BF9AD804C667}.Debug|Any CPU.Build.0 = Debug|Any CPU
		{7C8441D0-7E73-493F-91F8-BF9AD804C667}.Release|Any CPU.ActiveCfg = Release|Any CPU
		{7C8441D0-7E73-493F-91F8-BF9AD804C667}.Release|Any CPU.Build.0 = Release|Any CPU
		{F088277B-FC3C-4F0C-93EC-57D32F7BEFC7}.Debug|Any CPU.ActiveCfg = Debug|Any CPU
		{F088277B-FC3C-4F0C-93EC-57D32F7BEFC7}.Debug|Any CPU.Build.0 = Debug|Any CPU
		{F088277B-FC3C-4F0C-93EC-57D32F7BEFC7}.Release|Any CPU.ActiveCfg = Release|Any CPU
		{F088277B-FC3C-4F0C-93EC-57D32F7BEFC7}.Release|Any CPU.Build.0 = Release|Any CPU
		{4AFF7518-2A1D-4279-8E30-FDA31EF6692D}.Debug|Any CPU.ActiveCfg = Debug|Any CPU
		{4AFF7518-2A1D-4279-8E30-FDA31EF6692D}.Debug|Any CPU.Build.0 = Debug|Any CPU
		{4AFF7518-2A1D-4279-8E30-FDA31EF6692D}.Release|Any CPU.ActiveCfg = Release|Any CPU
		{4AFF7518-2A1D-4279-8E30-FDA31EF6692D}.Release|Any CPU.Build.0 = Release|Any CPU
		{B60A8D05-25CF-43FE-AD0D-BAD93512C531}.Debug|Any CPU.ActiveCfg = Debug|Any CPU
		{B60A8D05-25CF-43FE-AD0D-BAD93512C531}.Debug|Any CPU.Build.0 = Debug|Any CPU
		{B60A8D05-25CF-43FE-AD0D-BAD93512C531}.Release|Any CPU.ActiveCfg = Release|Any CPU
		{B60A8D05-25CF-43FE-AD0D-BAD93512C531}.Release|Any CPU.Build.0 = Release|Any CPU
	EndGlobalSection
	GlobalSection(SolutionProperties) = preSolution
		HideSolutionNode = FALSE
	EndGlobalSection
	GlobalSection(NestedProjects) = preSolution
		{6CFD3511-4ECE-4FDE-9DB2-893F4CAFF453} = {08B0F53F-B112-46C1-846F-6AF87C1584C7}
		{6D2BBF04-D042-4320-A6A9-598B9575746A} = {08B0F53F-B112-46C1-846F-6AF87C1584C7}
		{B62A4B7C-3914-4C6C-ADF7-DFF34AB58D23} = {08B0F53F-B112-46C1-846F-6AF87C1584C7}
		{B2C2D3D2-0D18-4B92-BD39-D4B9F3F0EB2D} = {08B0F53F-B112-46C1-846F-6AF87C1584C7}
		{034DE6E3-2689-4A5C-912E-637D8D467DB5} = {08B0F53F-B112-46C1-846F-6AF87C1584C7}
		{F0465DAB-BA2F-4AF3-A4D3-026BD9A43002} = {30D1C660-49D5-481B-8DB9-E718C4A664A3}
		{FAB60F46-7F45-49BE-B9DA-B65AC20A5AD8} = {30D1C660-49D5-481B-8DB9-E718C4A664A3}
		{4263C32F-7F69-4E28-A85D-7BA0EA9B2F2A} = {30D1C660-49D5-481B-8DB9-E718C4A664A3}
		{7C8441D0-7E73-493F-91F8-BF9AD804C667} = {30D1C660-49D5-481B-8DB9-E718C4A664A3}
		{F088277B-FC3C-4F0C-93EC-57D32F7BEFC7} = {30D1C660-49D5-481B-8DB9-E718C4A664A3}
		{4AFF7518-2A1D-4279-8E30-FDA31EF6692D} = {30D1C660-49D5-481B-8DB9-E718C4A664A3}
		{B60A8D05-25CF-43FE-AD0D-BAD93512C531} = {30D1C660-49D5-481B-8DB9-E718C4A664A3}
	EndGlobalSection
	GlobalSection(ExtensibilityGlobals) = postSolution
		SolutionGuid = {4DA7A962-F214-4F97-9056-E93F7C6C6C31}
	EndGlobalSection
EndGlobal
