
Microsoft Visual Studio Solution File, Format Version 12.00
# Visual Studio 14
VisualStudioVersion = 14.0.25420.1
MinimumVisualStudioVersion = 10.0.40219.1
Project("{8BB2217D-0F2D-49D1-97BC-3654ED321F3B}") = "XCommon", "XCommon\XCommon.xproj", "{12B242C9-9639-43CD-BABB-AA409DEB7EE7}"
EndProject
Project("{8BB2217D-0F2D-49D1-97BC-3654ED321F3B}") = "XCommon.EF", "XCommon.EF\XCommon.EF.xproj", "{DF76E674-2D74-47F7-B1DC-5CC61E45329F}"
EndProject
Project("{8BB2217D-0F2D-49D1-97BC-3654ED321F3B}") = "XCommon.Azure", "XCommon.Azure\XCommon.Azure.xproj", "{04EE0841-35E8-4AD0-BA3D-850DBB529651}"
EndProject
Project("{8BB2217D-0F2D-49D1-97BC-3654ED321F3B}") = "XCommon.CodeGerator", "XCommon.CodeGerator\XCommon.CodeGerator.xproj", "{FAB32BF9-2683-498D-896F-C2CF56C45A06}"
EndProject
Project("{8BB2217D-0F2D-49D1-97BC-3654ED321F3B}") = "XCommon.CodeGerator.Test", "XCommon.CodeGerator.Test\XCommon.CodeGerator.Test.xproj", "{485E9553-FA01-4A94-8647-B4D65C66A9B1}"
EndProject
Project("{8BB2217D-0F2D-49D1-97BC-3654ED321F3B}") = "XCommon.Web", "XCommon.Web\XCommon.Web.xproj", "{2D656EAE-FBF6-40A1-B1BF-075738666D87}"
EndProject
Project("{8BB2217D-0F2D-49D1-97BC-3654ED321F3B}") = "XCommon.Web.Test", "XCommon.Web.Test\XCommon.Web.Test.xproj", "{07BE2F21-0B05-4005-9970-4C7E8D52E83A}"
EndProject
Global
	GlobalSection(SolutionConfigurationPlatforms) = preSolution
		Debug|Any CPU = Debug|Any CPU
		Release|Any CPU = Release|Any CPU
	EndGlobalSection
	GlobalSection(ProjectConfigurationPlatforms) = postSolution
		{12B242C9-9639-43CD-BABB-AA409DEB7EE7}.Debug|Any CPU.ActiveCfg = Debug|Any CPU
		{12B242C9-9639-43CD-BABB-AA409DEB7EE7}.Debug|Any CPU.Build.0 = Debug|Any CPU
		{12B242C9-9639-43CD-BABB-AA409DEB7EE7}.Release|Any CPU.ActiveCfg = Release|Any CPU
		{12B242C9-9639-43CD-BABB-AA409DEB7EE7}.Release|Any CPU.Build.0 = Release|Any CPU
		{DF76E674-2D74-47F7-B1DC-5CC61E45329F}.Debug|Any CPU.ActiveCfg = Debug|Any CPU
		{DF76E674-2D74-47F7-B1DC-5CC61E45329F}.Debug|Any CPU.Build.0 = Debug|Any CPU
		{DF76E674-2D74-47F7-B1DC-5CC61E45329F}.Release|Any CPU.ActiveCfg = Release|Any CPU
		{DF76E674-2D74-47F7-B1DC-5CC61E45329F}.Release|Any CPU.Build.0 = Release|Any CPU
		{04EE0841-35E8-4AD0-BA3D-850DBB529651}.Debug|Any CPU.ActiveCfg = Debug|Any CPU
		{04EE0841-35E8-4AD0-BA3D-850DBB529651}.Debug|Any CPU.Build.0 = Debug|Any CPU
		{04EE0841-35E8-4AD0-BA3D-850DBB529651}.Release|Any CPU.ActiveCfg = Release|Any CPU
		{04EE0841-35E8-4AD0-BA3D-850DBB529651}.Release|Any CPU.Build.0 = Release|Any CPU
		{FAB32BF9-2683-498D-896F-C2CF56C45A06}.Debug|Any CPU.ActiveCfg = Debug|Any CPU
		{FAB32BF9-2683-498D-896F-C2CF56C45A06}.Debug|Any CPU.Build.0 = Debug|Any CPU
		{FAB32BF9-2683-498D-896F-C2CF56C45A06}.Release|Any CPU.ActiveCfg = Release|Any CPU
		{FAB32BF9-2683-498D-896F-C2CF56C45A06}.Release|Any CPU.Build.0 = Release|Any CPU
		{485E9553-FA01-4A94-8647-B4D65C66A9B1}.Debug|Any CPU.ActiveCfg = Debug|Any CPU
		{485E9553-FA01-4A94-8647-B4D65C66A9B1}.Debug|Any CPU.Build.0 = Debug|Any CPU
		{485E9553-FA01-4A94-8647-B4D65C66A9B1}.Release|Any CPU.ActiveCfg = Release|Any CPU
		{485E9553-FA01-4A94-8647-B4D65C66A9B1}.Release|Any CPU.Build.0 = Release|Any CPU
		{2D656EAE-FBF6-40A1-B1BF-075738666D87}.Debug|Any CPU.ActiveCfg = Debug|Any CPU
		{2D656EAE-FBF6-40A1-B1BF-075738666D87}.Debug|Any CPU.Build.0 = Debug|Any CPU
		{2D656EAE-FBF6-40A1-B1BF-075738666D87}.Release|Any CPU.ActiveCfg = Release|Any CPU
		{2D656EAE-FBF6-40A1-B1BF-075738666D87}.Release|Any CPU.Build.0 = Release|Any CPU
		{07BE2F21-0B05-4005-9970-4C7E8D52E83A}.Debug|Any CPU.ActiveCfg = Debug|Any CPU
		{07BE2F21-0B05-4005-9970-4C7E8D52E83A}.Debug|Any CPU.Build.0 = Debug|Any CPU
		{07BE2F21-0B05-4005-9970-4C7E8D52E83A}.Release|Any CPU.ActiveCfg = Release|Any CPU
		{07BE2F21-0B05-4005-9970-4C7E8D52E83A}.Release|Any CPU.Build.0 = Release|Any CPU
	EndGlobalSection
	GlobalSection(SolutionProperties) = preSolution
		HideSolutionNode = FALSE
	EndGlobalSection
EndGlobal
